
Microsoft Visual Studio Solution File, Format Version 12.00
# Visual Studio Version 17
VisualStudioVersion = 17.5.002.0
MinimumVisualStudioVersion = 10.0.40219.1
Project("{9A19103F-16F7-4668-BE54-9A1E7A4F7556}") = "faultinjectorsample_net", "faultinjectorsample_net.csproj", "{5BEBD9DC-0DAE-42C7-BA88-DDCF187372BF}"
EndProject
Global
	GlobalSection(SolutionConfigurationPlatforms) = preSolution
		Debug|Any CPU = Debug|Any CPU
		Release|Any CPU = Release|Any CPU
	EndGlobalSection
	GlobalSection(ProjectConfigurationPlatforms) = postSolution
		{5BEBD9DC-0DAE-42C7-BA88-DDCF187372BF}.Debug|Any CPU.ActiveCfg = Debug|Any CPU
		{5BEBD9DC-0DAE-42C7-BA88-DDCF187372BF}.Debug|Any CPU.Build.0 = Debug|Any CPU
		{5BEBD9DC-0DAE-42C7-BA88-DDCF187372BF}.Release|Any CPU.ActiveCfg = Release|Any CPU
		{5BEBD9DC-0DAE-42C7-BA88-DDCF187372BF}.Release|Any CPU.Build.0 = Release|Any CPU
	EndGlobalSection
	GlobalSection(SolutionProperties) = preSolution
		HideSolutionNode = FALSE
	EndGlobalSection
	GlobalSection(ExtensibilityGlobals) = postSolution
		SolutionGuid = {D4715673-2D9C-4CC4-A0FF-9264D25C38B9}
	EndGlobalSection
EndGlobal
